
Microsoft Visual Studio Solution File, Format Version 12.00
# Visual Studio Version 16
VisualStudioVersion = 16.0.30503.244
MinimumVisualStudioVersion = 10.0.40219.1
Project("{FAE04EC0-301F-11D3-BF4B-00C04F79EFBC}") = "C-Sharp Task 1.9 ArrayList", "C-Sharp Task 1.9 ArrayList.csproj", "{5809C3CC-5CA2-4D49-B441-111CA85EE517}"
EndProject
Global
	GlobalSection(SolutionConfigurationPlatforms) = preSolution
		Debug|Any CPU = Debug|Any CPU
		Release|Any CPU = Release|Any CPU
	EndGlobalSection
	GlobalSection(ProjectConfigurationPlatforms) = postSolution
		{5809C3CC-5CA2-4D49-B441-111CA85EE517}.Debug|Any CPU.ActiveCfg = Debug|Any CPU
		{5809C3CC-5CA2-4D49-B441-111CA85EE517}.Debug|Any CPU.Build.0 = Debug|Any CPU
		{5809C3CC-5CA2-4D49-B441-111CA85EE517}.Release|Any CPU.ActiveCfg = Release|Any CPU
		{5809C3CC-5CA2-4D49-B441-111CA85EE517}.Release|Any CPU.Build.0 = Release|Any CPU
	EndGlobalSection
	GlobalSection(SolutionProperties) = preSolution
		HideSolutionNode = FALSE
	EndGlobalSection
	GlobalSection(ExtensibilityGlobals) = postSolution
		SolutionGuid = {6DE684DF-5C7D-440F-A94B-5FF990DD91DC}
	EndGlobalSection
EndGlobal
